
Microsoft Visual Studio Solution File, Format Version 12.00
# Visual Studio Version 17
VisualStudioVersion = 17.9.34616.47
MinimumVisualStudioVersion = 10.0.40219.1
Project("{FAE04EC0-301F-11D3-BF4B-00C04F79EFBC}") = "Shop", "Shop\Shop.csproj", "{84C95462-3AE1-4FBB-B898-D7E42EDDF41F}"
EndProject
Project("{FAE04EC0-301F-11D3-BF4B-00C04F79EFBC}") = "Models", "Models\Models.csproj", "{49166FE4-C3C6-4A5D-8D42-12701A2635FE}"
EndProject
Project("{FAE04EC0-301F-11D3-BF4B-00C04F79EFBC}") = "Repository", "Repository\Repository.csproj", "{39992DE4-94AC-4CBC-97EA-C5B77BFF1300}"
EndProject
Project("{FAE04EC0-301F-11D3-BF4B-00C04F79EFBC}") = "Logic", "Logic\Logic.csproj", "{832F46BE-BF2E-47C9-9B62-6FC5DBF5E097}"
EndProject
Project("{FAE04EC0-301F-11D3-BF4B-00C04F79EFBC}") = "Tester", "Tester\Tester.csproj", "{6F3E4AC6-DE6F-48A7-A0AE-49F14FE06842}"
EndProject
Global
	GlobalSection(SolutionConfigurationPlatforms) = preSolution
		Debug|Any CPU = Debug|Any CPU
		Release|Any CPU = Release|Any CPU
	EndGlobalSection
	GlobalSection(ProjectConfigurationPlatforms) = postSolution
		{84C95462-3AE1-4FBB-B898-D7E42EDDF41F}.Debug|Any CPU.ActiveCfg = Debug|Any CPU
		{84C95462-3AE1-4FBB-B898-D7E42EDDF41F}.Debug|Any CPU.Build.0 = Debug|Any CPU
		{84C95462-3AE1-4FBB-B898-D7E42EDDF41F}.Release|Any CPU.ActiveCfg = Release|Any CPU
		{84C95462-3AE1-4FBB-B898-D7E42EDDF41F}.Release|Any CPU.Build.0 = Release|Any CPU
		{49166FE4-C3C6-4A5D-8D42-12701A2635FE}.Debug|Any CPU.ActiveCfg = Debug|Any CPU
		{49166FE4-C3C6-4A5D-8D42-12701A2635FE}.Debug|Any CPU.Build.0 = Debug|Any CPU
		{49166FE4-C3C6-4A5D-8D42-12701A2635FE}.Release|Any CPU.ActiveCfg = Release|Any CPU
		{49166FE4-C3C6-4A5D-8D42-12701A2635FE}.Release|Any CPU.Build.0 = Release|Any CPU
		{39992DE4-94AC-4CBC-97EA-C5B77BFF1300}.Debug|Any CPU.ActiveCfg = Debug|Any CPU
		{39992DE4-94AC-4CBC-97EA-C5B77BFF1300}.Debug|Any CPU.Build.0 = Debug|Any CPU
		{39992DE4-94AC-4CBC-97EA-C5B77BFF1300}.Release|Any CPU.ActiveCfg = Release|Any CPU
		{39992DE4-94AC-4CBC-97EA-C5B77BFF1300}.Release|Any CPU.Build.0 = Release|Any CPU
		{832F46BE-BF2E-47C9-9B62-6FC5DBF5E097}.Debug|Any CPU.ActiveCfg = Debug|Any CPU
		{832F46BE-BF2E-47C9-9B62-6FC5DBF5E097}.Debug|Any CPU.Build.0 = Debug|Any CPU
		{832F46BE-BF2E-47C9-9B62-6FC5DBF5E097}.Release|Any CPU.ActiveCfg = Release|Any CPU
		{832F46BE-BF2E-47C9-9B62-6FC5DBF5E097}.Release|Any CPU.Build.0 = Release|Any CPU
		{6F3E4AC6-DE6F-48A7-A0AE-49F14FE06842}.Debug|Any CPU.ActiveCfg = Debug|Any CPU
		{6F3E4AC6-DE6F-48A7-A0AE-49F14FE06842}.Debug|Any CPU.Build.0 = Debug|Any CPU
		{6F3E4AC6-DE6F-48A7-A0AE-49F14FE06842}.Release|Any CPU.ActiveCfg = Release|Any CPU
		{6F3E4AC6-DE6F-48A7-A0AE-49F14FE06842}.Release|Any CPU.Build.0 = Release|Any CPU
	EndGlobalSection
	GlobalSection(SolutionProperties) = preSolution
		HideSolutionNode = FALSE
	EndGlobalSection
	GlobalSection(ExtensibilityGlobals) = postSolution
		SolutionGuid = {8FBA333F-8A3E-4E48-BACD-12A1203EED02}
	EndGlobalSection
EndGlobal
